
Microsoft Visual Studio Solution File, Format Version 12.00
# Visual Studio Version 17
VisualStudioVersion = 17.2.32519.379
MinimumVisualStudioVersion = 10.0.40219.1
Project("{9A19103F-16F7-4668-BE54-9A1E7A4F7556}") = "ChatAppClient", "ChatApp\ChatAppClient.csproj", "{5B2A6268-C6AE-4193-8FA6-454BF0C820BD}"
EndProject
Project("{9A19103F-16F7-4668-BE54-9A1E7A4F7556}") = "ChatAppServer", "ChatServer\ChatAppServer.csproj", "{B28E52D6-8BE9-4B9B-BF32-9ECF0A489727}"
EndProject
Global
	GlobalSection(SolutionConfigurationPlatforms) = preSolution
		Debug|Any CPU = Debug|Any CPU
		Release|Any CPU = Release|Any CPU
	EndGlobalSection
	GlobalSection(ProjectConfigurationPlatforms) = postSolution
		{5B2A6268-C6AE-4193-8FA6-454BF0C820BD}.Debug|Any CPU.ActiveCfg = Debug|Any CPU
		{5B2A6268-C6AE-4193-8FA6-454BF0C820BD}.Debug|Any CPU.Build.0 = Debug|Any CPU
		{5B2A6268-C6AE-4193-8FA6-454BF0C820BD}.Release|Any CPU.ActiveCfg = Release|Any CPU
		{5B2A6268-C6AE-4193-8FA6-454BF0C820BD}.Release|Any CPU.Build.0 = Release|Any CPU
		{B28E52D6-8BE9-4B9B-BF32-9ECF0A489727}.Debug|Any CPU.ActiveCfg = Debug|Any CPU
		{B28E52D6-8BE9-4B9B-BF32-9ECF0A489727}.Debug|Any CPU.Build.0 = Debug|Any CPU
		{B28E52D6-8BE9-4B9B-BF32-9ECF0A489727}.Release|Any CPU.ActiveCfg = Release|Any CPU
		{B28E52D6-8BE9-4B9B-BF32-9ECF0A489727}.Release|Any CPU.Build.0 = Release|Any CPU
	EndGlobalSection
	GlobalSection(SolutionProperties) = preSolution
		HideSolutionNode = FALSE
	EndGlobalSection
	GlobalSection(ExtensibilityGlobals) = postSolution
		SolutionGuid = {76238DFF-0958-4660-BECD-8132318EE9BF}
	EndGlobalSection
EndGlobal
